
Microsoft Visual Studio Solution File, Format Version 12.00
# Visual Studio 15
VisualStudioVersion = 15.0.28010.2050
MinimumVisualStudioVersion = 10.0.40219.1
Project("{FAE04EC0-301F-11D3-BF4B-00C04F79EFBC}") = "AdventOfCode2015", "AdventOfCode2015\AdventOfCode2015.csproj", "{3534C8F3-8E82-42E7-8DF7-0B8A1C987EB6}"
EndProject
Project("{FAE04EC0-301F-11D3-BF4B-00C04F79EFBC}") = "AdventOfCode2016", "AdventOfCode2016\AdventOfCode2016.csproj", "{F1A96627-CF89-4B8C-A7B1-9156E7D87532}"
EndProject
Project("{FAE04EC0-301F-11D3-BF4B-00C04F79EFBC}") = "AdventOfCode2017", "AdventOfCode2017\AdventOfCode2017.csproj", "{867FAEAF-19EF-49F6-87D6-9FE987639CC7}"
EndProject
Project("{FAE04EC0-301F-11D3-BF4B-00C04F79EFBC}") = "AdventOfCode2018", "AdventOfCode2018\AdventOfCode2018.csproj", "{E41A26A8-C9F8-4B27-83CC-F3686B19178B}"
EndProject
Global
	GlobalSection(SolutionConfigurationPlatforms) = preSolution
		Debug|Any CPU = Debug|Any CPU
		Release|Any CPU = Release|Any CPU
	EndGlobalSection
	GlobalSection(ProjectConfigurationPlatforms) = postSolution
		{3534C8F3-8E82-42E7-8DF7-0B8A1C987EB6}.Debug|Any CPU.ActiveCfg = Debug|Any CPU
		{3534C8F3-8E82-42E7-8DF7-0B8A1C987EB6}.Debug|Any CPU.Build.0 = Debug|Any CPU
		{3534C8F3-8E82-42E7-8DF7-0B8A1C987EB6}.Release|Any CPU.ActiveCfg = Release|Any CPU
		{3534C8F3-8E82-42E7-8DF7-0B8A1C987EB6}.Release|Any CPU.Build.0 = Release|Any CPU
		{F1A96627-CF89-4B8C-A7B1-9156E7D87532}.Debug|Any CPU.ActiveCfg = Debug|Any CPU
		{F1A96627-CF89-4B8C-A7B1-9156E7D87532}.Debug|Any CPU.Build.0 = Debug|Any CPU
		{F1A96627-CF89-4B8C-A7B1-9156E7D87532}.Release|Any CPU.ActiveCfg = Release|Any CPU
		{F1A96627-CF89-4B8C-A7B1-9156E7D87532}.Release|Any CPU.Build.0 = Release|Any CPU
		{867FAEAF-19EF-49F6-87D6-9FE987639CC7}.Debug|Any CPU.ActiveCfg = Debug|Any CPU
		{867FAEAF-19EF-49F6-87D6-9FE987639CC7}.Debug|Any CPU.Build.0 = Debug|Any CPU
		{867FAEAF-19EF-49F6-87D6-9FE987639CC7}.Release|Any CPU.ActiveCfg = Release|Any CPU
		{867FAEAF-19EF-49F6-87D6-9FE987639CC7}.Release|Any CPU.Build.0 = Release|Any CPU
		{E41A26A8-C9F8-4B27-83CC-F3686B19178B}.Debug|Any CPU.ActiveCfg = Debug|Any CPU
		{E41A26A8-C9F8-4B27-83CC-F3686B19178B}.Debug|Any CPU.Build.0 = Debug|Any CPU
		{E41A26A8-C9F8-4B27-83CC-F3686B19178B}.Release|Any CPU.ActiveCfg = Release|Any CPU
		{E41A26A8-C9F8-4B27-83CC-F3686B19178B}.Release|Any CPU.Build.0 = Release|Any CPU
	EndGlobalSection
	GlobalSection(SolutionProperties) = preSolution
		HideSolutionNode = FALSE
	EndGlobalSection
	GlobalSection(ExtensibilityGlobals) = postSolution
		SolutionGuid = {55E1E471-AD64-4358-80CE-1AAC3EDFCB04}
	EndGlobalSection
EndGlobal
